
Microsoft Visual Studio Solution File, Format Version 12.00
# Visual Studio Version 17
VisualStudioVersion = 17.9.34728.123
MinimumVisualStudioVersion = 10.0.40219.1
Project("{FAE04EC0-301F-11D3-BF4B-00C04F79EFBC}") = "main7", "main7\main7.csproj", "{42DAD979-F8D7-4B77-AE4B-7EE44AE7C1D9}"
EndProject
Global
	GlobalSection(SolutionConfigurationPlatforms) = preSolution
		Debug|Any CPU = Debug|Any CPU
		Release|Any CPU = Release|Any CPU
	EndGlobalSection
	GlobalSection(ProjectConfigurationPlatforms) = postSolution
		{42DAD979-F8D7-4B77-AE4B-7EE44AE7C1D9}.Debug|Any CPU.ActiveCfg = Debug|Any CPU
		{42DAD979-F8D7-4B77-AE4B-7EE44AE7C1D9}.Debug|Any CPU.Build.0 = Debug|Any CPU
		{42DAD979-F8D7-4B77-AE4B-7EE44AE7C1D9}.Release|Any CPU.ActiveCfg = Release|Any CPU
		{42DAD979-F8D7-4B77-AE4B-7EE44AE7C1D9}.Release|Any CPU.Build.0 = Release|Any CPU
	EndGlobalSection
	GlobalSection(SolutionProperties) = preSolution
		HideSolutionNode = FALSE
	EndGlobalSection
	GlobalSection(ExtensibilityGlobals) = postSolution
		SolutionGuid = {BBCDC0AF-E645-4AAC-A01B-DB81C980A533}
	EndGlobalSection
EndGlobal
